// !$*UTF8*$!
{
	archiveVersion = 1;
	classes = {
	};
	objectVersion = 46;
	objects = {

/* Begin PBXBuildFile section */
		818961EF1D5CFB8300E5430B /* main.c in Sources */ = {isa = PBXBuildFile; fileRef = 818961EE1D5CFB8300E5430B /* main.c */; };
		8189623F1D61F4E200E5430B /* example-redis-c.c in Sources */ = {isa = PBXBuildFile; fileRef = 8189623E1D61F4E200E5430B /* example-redis-c.c */; };
/* End PBXBuildFile section */

/* Begin PBXCopyFilesBuildPhase section */
		818961E91D5CFB8300E5430B /* CopyFiles */ = {
			isa = PBXCopyFilesBuildPhase;
			buildActionMask = 2147483647;
			dstPath = /usr/share/man/man1/;
			dstSubfolderSpec = 0;
			files = (
			);
			runOnlyForDeploymentPostprocessing = 1;
		};
/* End PBXCopyFilesBuildPhase section */

/* Begin PBXFileReference section */
		818961EB1D5CFB8300E5430B /* Test-Redis */ = {isa = PBXFileReference; explicitFileType = "compiled.mach-o.executable"; includeInIndex = 0; path = "Test-Redis"; sourceTree = BUILT_PRODUCTS_DIR; };
		818961EE1D5CFB8300E5430B /* main.c */ = {isa = PBXFileReference; lastKnownFileType = sourcecode.c.c; path = main.c; sourceTree = "<group>"; };
		8189623E1D61F4E200E5430B /* example-redis-c.c */ = {isa = PBXFileReference; fileEncoding = 4; lastKnownFileType = sourcecode.c.c; path = "example-redis-c.c"; sourceTree = "<group>"; };
/* End PBXFileReference section */

/* Begin PBXFrameworksBuildPhase section */
		818961E81D5CFB8300E5430B /* Frameworks */ = {
			isa = PBXFrameworksBuildPhase;
			buildActionMask = 2147483647;
			files = (
			);
			runOnlyForDeploymentPostprocessing = 0;
		};
/* End PBXFrameworksBuildPhase section */

/* Begin PBXGroup section */
		818961E21D5CFB8300E5430B = {
			isa = PBXGroup;
			children = (
				818961ED1D5CFB8300E5430B /* Test-Redis */,
				818961EC1D5CFB8300E5430B /* Products */,
			);
			sourceTree = "<group>";
		};
		818961EC1D5CFB8300E5430B /* Products */ = {
			isa = PBXGroup;
			children = (
				818961EB1D5CFB8300E5430B /* Test-Redis */,
			);
			name = Products;
			sourceTree = "<group>";
		};
		818961ED1D5CFB8300E5430B /* Test-Redis */ = {
			isa = PBXGroup;
			children = (
				818961EE1D5CFB8300E5430B /* main.c */,
				8189623E1D61F4E200E5430B /* example-redis-c.c */,
			);
			path = "Test-Redis";
			sourceTree = "<group>";
		};
/* End PBXGroup section */

/* Begin PBXNativeTarget section */
		818961EA1D5CFB8300E5430B /* Test-Redis */ = {
			isa = PBXNativeTarget;
			buildConfigurationList = 818961F21D5CFB8300E5430B /* Build configuration list for PBXNativeTarget "Test-Redis" */;
			buildPhases = (
				818961E71D5CFB8300E5430B /* Sources */,
				818961E81D5CFB8300E5430B /* Frameworks */,
				818961E91D5CFB8300E5430B /* CopyFiles */,
			);
			buildRules = (
			);
			dependencies = (
			);
			name = "Test-Redis";
			productName = "Test-Redis";
			productReference = 818961EB1D5CFB8300E5430B /* Test-Redis */;
			productType = "com.apple.product-type.tool";
		};
/* End PBXNativeTarget section */

/* Begin PBXProject section */
		818961E31D5CFB8300E5430B /* Project object */ = {
			isa = PBXProject;
			attributes = {
				LastUpgradeCheck = 0730;
				ORGANIZATIONNAME = "Vicente Cubells Nonell";
				TargetAttributes = {
					818961EA1D5CFB8300E5430B = {
						CreatedOnToolsVersion = 7.3.1;
					};
				};
			};
			buildConfigurationList = 818961E61D5CFB8300E5430B /* Build configuration list for PBXProject "Test-Redis" */;
			compatibilityVersion = "Xcode 3.2";
			developmentRegion = English;
			hasScannedForEncodings = 0;
			knownRegions = (
				en,
			);
			mainGroup = 818961E21D5CFB8300E5430B;
			productRefGroup = 818961EC1D5CFB8300E5430B /* Products */;
			projectDirPath = "";
			projectRoot = "";
			targets = (
				818961EA1D5CFB8300E5430B /* Test-Redis */,
			);
		};
/* End PBXProject section */

/* Begin PBXSourcesBuildPhase section */
		818961E71D5CFB8300E5430B /* Sources */ = {
			isa = PBXSourcesBuildPhase;
			buildActionMask = 2147483647;
			files = (
				8189623F1D61F4E200E5430B /* example-redis-c.c in Sources */,
				818961EF1D5CFB8300E5430B /* main.c in Sources */,
			);
			runOnlyForDeploymentPostprocessing = 0;
		};
/* End PBXSourcesBuildPhase section */

/* Begin XCBuildConfiguration section */
		818961F01D5CFB8300E5430B /* Debug */ = {
			isa = XCBuildConfiguration;
			buildSettings = {
				ALWAYS_SEARCH_USER_PATHS = NO;
				CLANG_ANALYZER_NONNULL = YES;
				CLANG_CXX_LANGUAGE_STANDARD = "gnu++0x";
				CLANG_CXX_LIBRARY = "libc++";
				CLANG_ENABLE_MODULES = YES;
				CLANG_ENABLE_OBJC_ARC = YES;
				CLANG_WARN_BOOL_CONVERSION = YES;
				CLANG_WARN_CONSTANT_CONVERSION = YES;
				CLANG_WARN_DIRECT_OBJC_ISA_USAGE = YES_ERROR;
				CLANG_WARN_EMPTY_BODY = YES;
				CLANG_WARN_ENUM_CONVERSION = YES;
				CLANG_WARN_INT_CONVERSION = YES;
				CLANG_WARN_OBJC_ROOT_CLASS = YES_ERROR;
				CLANG_WARN_UNREACHABLE_CODE = YES;
				CLANG_WARN__DUPLICATE_METHOD_MATCH = YES;
				CODE_SIGN_IDENTITY = "-";
				COPY_PHASE_STRIP = NO;
				DEBUG_INFORMATION_FORMAT = dwarf;
				ENABLE_STRICT_OBJC_MSGSEND = YES;
				ENABLE_TESTABILITY = YES;
				GCC_C_LANGUAGE_STANDARD = gnu99;
				GCC_DYNAMIC_NO_PIC = NO;
				GCC_NO_COMMON_BLOCKS = YES;
				GCC_OPTIMIZATION_LEVEL = 0;
				GCC_PREPROCESSOR_DEFINITIONS = (
					"DEBUG=1",
					"$(inherited)",
				);
				GCC_WARN_64_TO_32_BIT_CONVERSION = YES;
				GCC_WARN_ABOUT_RETURN_TYPE = YES_ERROR;
				GCC_WARN_UNDECLARED_SELECTOR = YES;
				GCC_WARN_UNINITIALIZED_AUTOS = YES_AGGRESSIVE;
				GCC_WARN_UNUSED_FUNCTION = YES;
				GCC_WARN_UNUSED_VARIABLE = YES;
				MACOSX_DEPLOYMENT_TARGET = 10.11;
				MTL_ENABLE_DEBUG_INFO = YES;
				ONLY_ACTIVE_ARCH = YES;
				SDKROOT = macosx;
			};
			name = Debug;
		};
		818961F11D5CFB8300E5430B /* Release */ = {
			isa = XCBuildConfiguration;
			buildSettings = {
				ALWAYS_SEARCH_USER_PATHS = NO;
				CLANG_ANALYZER_NONNULL = YES;
				CLANG_CXX_LANGUAGE_STANDARD = "gnu++0x";
				CLANG_CXX_LIBRARY = "libc++";
				CLANG_ENABLE_MODULES = YES;
				CLANG_ENABLE_OBJC_ARC = YES;
				CLANG_WARN_BOOL_CONVERSION = YES;
				CLANG_WARN_CONSTANT_CONVERSION = YES;
				CLANG_WARN_DIRECT_OBJC_ISA_USAGE = YES_ERROR;
				CLANG_WARN_EMPTY_BODY = YES;
				CLANG_WARN_ENUM_CONVERSION = YES;
				CLANG_WARN_INT_CONVERSION = YES;
				CLANG_WARN_OBJC_ROOT_CLASS = YES_ERROR;
				CLANG_WARN_UNREACHABLE_CODE = YES;
				CLANG_WARN__DUPLICATE_METHOD_MATCH = YES;
				CODE_SIGN_IDENTITY = "-";
				COPY_PHASE_STRIP = NO;
				DEBUG_INFORMATION_FORMAT = "dwarf-with-dsym";
				ENABLE_NS_ASSERTIONS = NO;
				ENABLE_STRICT_OBJC_MSGSEND = YES;
				GCC_C_LANGUAGE_STANDARD = gnu99;
				GCC_NO_COMMON_BLOCKS = YES;
				GCC_WARN_64_TO_32_BIT_CONVERSION = YES;
				GCC_WARN_ABOUT_RETURN_TYPE = YES_ERROR;
				GCC_WARN_UNDECLARED_SELECTOR = YES;
				GCC_WARN_UNINITIALIZED_AUTOS = YES_AGGRESSIVE;
				GCC_WARN_UNUSED_FUNCTION = YES;
				GCC_WARN_UNUSED_VARIABLE = YES;
				MACOSX_DEPLOYMENT_TARGET = 10.11;
				MTL_ENABLE_DEBUG_INFO = NO;
				SDKROOT = macosx;
			};
			name = Release;
		};
		818961F31D5CFB8300E5430B /* Debug */ = {
			isa = XCBuildConfiguration;
			buildSettings = {
				PRODUCT_NAME = "$(TARGET_NAME)";
			};
			name = Debug;
		};
		818961F41D5CFB8300E5430B /* Release */ = {
			isa = XCBuildConfiguration;
			buildSettings = {
				PRODUCT_NAME = "$(TARGET_NAME)";
			};
			name = Release;
		};
/* End XCBuildConfiguration section */

/* Begin XCConfigurationList section */
		818961E61D5CFB8300E5430B /* Build configuration list for PBXProject "Test-Redis" */ = {
			isa = XCConfigurationList;
			buildConfigurations = (
				818961F01D5CFB8300E5430B /* Debug */,
				818961F11D5CFB8300E5430B /* Release */,
			);
			defaultConfigurationIsVisible = 0;
			defaultConfigurationName = Release;
		};
		818961F21D5CFB8300E5430B /* Build configuration list for PBXNativeTarget "Test-Redis" */ = {
			isa = XCConfigurationList;
			buildConfigurations = (
				818961F31D5CFB8300E5430B /* Debug */,
				818961F41D5CFB8300E5430B /* Release */,
			);
			defaultConfigurationIsVisible = 0;
		};
/* End XCConfigurationList section */
	};
	rootObject = 818961E31D5CFB8300E5430B /* Project object */;
}
